
Microsoft Visual Studio Solution File, Format Version 12.00
# Visual Studio 14
VisualStudioVersion = 14.0.25420.1
MinimumVisualStudioVersion = 10.0.40219.1
Project("{FAE04EC0-301F-11D3-BF4B-00C04F79EFBC}") = "1. Sum,Min,Max,Average", "1. Sum,Min,Max,Average\1. Sum,Min,Max,Average.csproj", "{B7C3AE5E-8D30-4E25-8119-DFC0F33C4118}"
EndProject
Project("{FAE04EC0-301F-11D3-BF4B-00C04F79EFBC}") = "2. Largest3Numbers", "2. Largest3Numbers\2. Largest3Numbers.csproj", "{FB43281A-FD91-4B63-8910-9DCFA19AFB5A}"
EndProject
Project("{FAE04EC0-301F-11D3-BF4B-00C04F79EFBC}") = "3. ShortWordsSorted", "3. ShortWordsSorted\3. ShortWordsSorted.csproj", "{2662E0ED-DEBE-4B56-B2F0-FAE4D0445FF5}"
EndProject
Project("{FAE04EC0-301F-11D3-BF4B-00C04F79EFBC}") = "4. FoldandSum", "4. FoldandSum\4. FoldandSum.csproj", "{407DD985-4D57-4013-95C4-0BAEF241E8D6}"
EndProject
Global
	GlobalSection(SolutionConfigurationPlatforms) = preSolution
		Debug|Any CPU = Debug|Any CPU
		Release|Any CPU = Release|Any CPU
	EndGlobalSection
	GlobalSection(ProjectConfigurationPlatforms) = postSolution
		{B7C3AE5E-8D30-4E25-8119-DFC0F33C4118}.Debug|Any CPU.ActiveCfg = Debug|Any CPU
		{B7C3AE5E-8D30-4E25-8119-DFC0F33C4118}.Debug|Any CPU.Build.0 = Debug|Any CPU
		{B7C3AE5E-8D30-4E25-8119-DFC0F33C4118}.Release|Any CPU.ActiveCfg = Release|Any CPU
		{B7C3AE5E-8D30-4E25-8119-DFC0F33C4118}.Release|Any CPU.Build.0 = Release|Any CPU
		{FB43281A-FD91-4B63-8910-9DCFA19AFB5A}.Debug|Any CPU.ActiveCfg = Debug|Any CPU
		{FB43281A-FD91-4B63-8910-9DCFA19AFB5A}.Debug|Any CPU.Build.0 = Debug|Any CPU
		{FB43281A-FD91-4B63-8910-9DCFA19AFB5A}.Release|Any CPU.ActiveCfg = Release|Any CPU
		{FB43281A-FD91-4B63-8910-9DCFA19AFB5A}.Release|Any CPU.Build.0 = Release|Any CPU
		{2662E0ED-DEBE-4B56-B2F0-FAE4D0445FF5}.Debug|Any CPU.ActiveCfg = Debug|Any CPU
		{2662E0ED-DEBE-4B56-B2F0-FAE4D0445FF5}.Debug|Any CPU.Build.0 = Debug|Any CPU
		{2662E0ED-DEBE-4B56-B2F0-FAE4D0445FF5}.Release|Any CPU.ActiveCfg = Release|Any CPU
		{2662E0ED-DEBE-4B56-B2F0-FAE4D0445FF5}.Release|Any CPU.Build.0 = Release|Any CPU
		{407DD985-4D57-4013-95C4-0BAEF241E8D6}.Debug|Any CPU.ActiveCfg = Debug|Any CPU
		{407DD985-4D57-4013-95C4-0BAEF241E8D6}.Debug|Any CPU.Build.0 = Debug|Any CPU
		{407DD985-4D57-4013-95C4-0BAEF241E8D6}.Release|Any CPU.ActiveCfg = Release|Any CPU
		{407DD985-4D57-4013-95C4-0BAEF241E8D6}.Release|Any CPU.Build.0 = Release|Any CPU
	EndGlobalSection
	GlobalSection(SolutionProperties) = preSolution
		HideSolutionNode = FALSE
	EndGlobalSection
EndGlobal
