
Microsoft Visual Studio Solution File, Format Version 12.00
# Visual Studio 14
VisualStudioVersion = 14.0.25420.1
MinimumVisualStudioVersion = 10.0.40219.1
Project("{FAE04EC0-301F-11D3-BF4B-00C04F79EFBC}") = "TimeSinceBirthday", "TimeSinceBirthday\TimeSinceBirthday.csproj", "{9A43D69A-14DF-4183-BE04-054A1E1C7C9D}"
EndProject
Project("{FAE04EC0-301F-11D3-BF4B-00C04F79EFBC}") = "CirclePerimeter", "CirclePerimeter\CirclePerimeter.csproj", "{1BF02A0F-9E30-4FE4-B7C5-7A073A785745}"
EndProject
Project("{FAE04EC0-301F-11D3-BF4B-00C04F79EFBC}") = "ExactProductOfRealNumbers", "ExactProductOfRealNumbers\ExactProductOfRealNumbers.csproj", "{8A4D96A1-3899-4ABC-9055-93094E47C147}"
EndProject
Project("{FAE04EC0-301F-11D3-BF4B-00C04F79EFBC}") = "Transport", "Transport\Transport.csproj", "{198B8BE7-4DA3-4C55-A20A-F7348C3F3F69}"
EndProject
Global
	GlobalSection(SolutionConfigurationPlatforms) = preSolution
		Debug|Any CPU = Debug|Any CPU
		Release|Any CPU = Release|Any CPU
	EndGlobalSection
	GlobalSection(ProjectConfigurationPlatforms) = postSolution
		{9A43D69A-14DF-4183-BE04-054A1E1C7C9D}.Debug|Any CPU.ActiveCfg = Debug|Any CPU
		{9A43D69A-14DF-4183-BE04-054A1E1C7C9D}.Debug|Any CPU.Build.0 = Debug|Any CPU
		{9A43D69A-14DF-4183-BE04-054A1E1C7C9D}.Release|Any CPU.ActiveCfg = Release|Any CPU
		{9A43D69A-14DF-4183-BE04-054A1E1C7C9D}.Release|Any CPU.Build.0 = Release|Any CPU
		{1BF02A0F-9E30-4FE4-B7C5-7A073A785745}.Debug|Any CPU.ActiveCfg = Debug|Any CPU
		{1BF02A0F-9E30-4FE4-B7C5-7A073A785745}.Debug|Any CPU.Build.0 = Debug|Any CPU
		{1BF02A0F-9E30-4FE4-B7C5-7A073A785745}.Release|Any CPU.ActiveCfg = Release|Any CPU
		{1BF02A0F-9E30-4FE4-B7C5-7A073A785745}.Release|Any CPU.Build.0 = Release|Any CPU
		{8A4D96A1-3899-4ABC-9055-93094E47C147}.Debug|Any CPU.ActiveCfg = Debug|Any CPU
		{8A4D96A1-3899-4ABC-9055-93094E47C147}.Debug|Any CPU.Build.0 = Debug|Any CPU
		{8A4D96A1-3899-4ABC-9055-93094E47C147}.Release|Any CPU.ActiveCfg = Release|Any CPU
		{8A4D96A1-3899-4ABC-9055-93094E47C147}.Release|Any CPU.Build.0 = Release|Any CPU
		{198B8BE7-4DA3-4C55-A20A-F7348C3F3F69}.Debug|Any CPU.ActiveCfg = Debug|Any CPU
		{198B8BE7-4DA3-4C55-A20A-F7348C3F3F69}.Debug|Any CPU.Build.0 = Debug|Any CPU
		{198B8BE7-4DA3-4C55-A20A-F7348C3F3F69}.Release|Any CPU.ActiveCfg = Release|Any CPU
		{198B8BE7-4DA3-4C55-A20A-F7348C3F3F69}.Release|Any CPU.Build.0 = Release|Any CPU
	EndGlobalSection
	GlobalSection(SolutionProperties) = preSolution
		HideSolutionNode = FALSE
	EndGlobalSection
EndGlobal
