
Microsoft Visual Studio Solution File, Format Version 12.00
# Visual Studio 14
VisualStudioVersion = 14.0.25420.1
MinimumVisualStudioVersion = 10.0.40219.1
Project("{FAE04EC0-301F-11D3-BF4B-00C04F79EFBC}") = "1. DayofWeek", "1. DayofWeek\1. DayofWeek.csproj", "{9B8230C9-7DB3-4356-A86B-FD6A1158F0A1}"
EndProject
Project("{FAE04EC0-301F-11D3-BF4B-00C04F79EFBC}") = "2. RandomizeWords", "2. RandomizeWords\2. RandomizeWords.csproj", "{44B511DD-241F-498E-B5A4-A01E68B1206B}"
EndProject
Project("{FAE04EC0-301F-11D3-BF4B-00C04F79EFBC}") = "3. BigFactorial", "3. BigFactorial\3. BigFactorial.csproj", "{EFE05811-9FC3-4460-8295-2C8C8FC08F2A}"
EndProject
Project("{FAE04EC0-301F-11D3-BF4B-00C04F79EFBC}") = "4. DistanceBetweenPoints", "4. DistanceBetweenPoints\4. DistanceBetweenPoints.csproj", "{4D48EA80-86A0-4DF9-A448-726C56A0FA2C}"
EndProject
Project("{FAE04EC0-301F-11D3-BF4B-00C04F79EFBC}") = "5. ClosestTwoPoints", "5. ClosestTwoPoints\5. ClosestTwoPoints.csproj", "{4087919C-9A65-45DE-8AA2-4CF2107F5CCF}"
EndProject
Project("{FAE04EC0-301F-11D3-BF4B-00C04F79EFBC}") = "6. RectanglePosition", "6. RectanglePosition\6. RectanglePosition.csproj", "{FB1BED26-1853-4851-827B-223C1F5864A7}"
EndProject
Project("{FAE04EC0-301F-11D3-BF4B-00C04F79EFBC}") = "7. SalesReport", "7. SalesReport\7. SalesReport.csproj", "{FDCBA7C4-2DCA-4C44-B86E-C0FD39D8DA2C}"
EndProject
Global
	GlobalSection(SolutionConfigurationPlatforms) = preSolution
		Debug|Any CPU = Debug|Any CPU
		Release|Any CPU = Release|Any CPU
	EndGlobalSection
	GlobalSection(ProjectConfigurationPlatforms) = postSolution
		{9B8230C9-7DB3-4356-A86B-FD6A1158F0A1}.Debug|Any CPU.ActiveCfg = Debug|Any CPU
		{9B8230C9-7DB3-4356-A86B-FD6A1158F0A1}.Debug|Any CPU.Build.0 = Debug|Any CPU
		{9B8230C9-7DB3-4356-A86B-FD6A1158F0A1}.Release|Any CPU.ActiveCfg = Release|Any CPU
		{9B8230C9-7DB3-4356-A86B-FD6A1158F0A1}.Release|Any CPU.Build.0 = Release|Any CPU
		{44B511DD-241F-498E-B5A4-A01E68B1206B}.Debug|Any CPU.ActiveCfg = Debug|Any CPU
		{44B511DD-241F-498E-B5A4-A01E68B1206B}.Debug|Any CPU.Build.0 = Debug|Any CPU
		{44B511DD-241F-498E-B5A4-A01E68B1206B}.Release|Any CPU.ActiveCfg = Release|Any CPU
		{44B511DD-241F-498E-B5A4-A01E68B1206B}.Release|Any CPU.Build.0 = Release|Any CPU
		{EFE05811-9FC3-4460-8295-2C8C8FC08F2A}.Debug|Any CPU.ActiveCfg = Debug|Any CPU
		{EFE05811-9FC3-4460-8295-2C8C8FC08F2A}.Debug|Any CPU.Build.0 = Debug|Any CPU
		{EFE05811-9FC3-4460-8295-2C8C8FC08F2A}.Release|Any CPU.ActiveCfg = Release|Any CPU
		{EFE05811-9FC3-4460-8295-2C8C8FC08F2A}.Release|Any CPU.Build.0 = Release|Any CPU
		{4D48EA80-86A0-4DF9-A448-726C56A0FA2C}.Debug|Any CPU.ActiveCfg = Debug|Any CPU
		{4D48EA80-86A0-4DF9-A448-726C56A0FA2C}.Debug|Any CPU.Build.0 = Debug|Any CPU
		{4D48EA80-86A0-4DF9-A448-726C56A0FA2C}.Release|Any CPU.ActiveCfg = Release|Any CPU
		{4D48EA80-86A0-4DF9-A448-726C56A0FA2C}.Release|Any CPU.Build.0 = Release|Any CPU
		{4087919C-9A65-45DE-8AA2-4CF2107F5CCF}.Debug|Any CPU.ActiveCfg = Debug|Any CPU
		{4087919C-9A65-45DE-8AA2-4CF2107F5CCF}.Debug|Any CPU.Build.0 = Debug|Any CPU
		{4087919C-9A65-45DE-8AA2-4CF2107F5CCF}.Release|Any CPU.ActiveCfg = Release|Any CPU
		{4087919C-9A65-45DE-8AA2-4CF2107F5CCF}.Release|Any CPU.Build.0 = Release|Any CPU
		{FB1BED26-1853-4851-827B-223C1F5864A7}.Debug|Any CPU.ActiveCfg = Debug|Any CPU
		{FB1BED26-1853-4851-827B-223C1F5864A7}.Debug|Any CPU.Build.0 = Debug|Any CPU
		{FB1BED26-1853-4851-827B-223C1F5864A7}.Release|Any CPU.ActiveCfg = Release|Any CPU
		{FB1BED26-1853-4851-827B-223C1F5864A7}.Release|Any CPU.Build.0 = Release|Any CPU
		{FDCBA7C4-2DCA-4C44-B86E-C0FD39D8DA2C}.Debug|Any CPU.ActiveCfg = Debug|Any CPU
		{FDCBA7C4-2DCA-4C44-B86E-C0FD39D8DA2C}.Debug|Any CPU.Build.0 = Debug|Any CPU
		{FDCBA7C4-2DCA-4C44-B86E-C0FD39D8DA2C}.Release|Any CPU.ActiveCfg = Release|Any CPU
		{FDCBA7C4-2DCA-4C44-B86E-C0FD39D8DA2C}.Release|Any CPU.Build.0 = Release|Any CPU
	EndGlobalSection
	GlobalSection(SolutionProperties) = preSolution
		HideSolutionNode = FALSE
	EndGlobalSection
EndGlobal
