
Microsoft Visual Studio Solution File, Format Version 12.00
# Visual Studio 14
VisualStudioVersion = 14.0.25420.1
MinimumVisualStudioVersion = 10.0.40219.1
Project("{FAE04EC0-301F-11D3-BF4B-00C04F79EFBC}") = "1. RegisteredUsers", "1. RegisteredUsers\1. RegisteredUsers.csproj", "{CA68AF20-73E7-429E-AD88-E52C4AC9A07F}"
EndProject
Project("{FAE04EC0-301F-11D3-BF4B-00C04F79EFBC}") = "2. DefaultValues", "2. DefaultValues\2. DefaultValues.csproj", "{D73F666C-78B8-47B0-82DF-4651966D4EFC}"
EndProject
Project("{FAE04EC0-301F-11D3-BF4B-00C04F79EFBC}") = "3. ShoppingSpree", "3. ShoppingSpree\3. ShoppingSpree.csproj", "{CD1AA243-D9E1-4130-A29E-7F0141B5246A}"
EndProject
Project("{FAE04EC0-301F-11D3-BF4B-00C04F79EFBC}") = "4. SoftUniBeerPong", "4. SoftUniBeerPong\4. SoftUniBeerPong.csproj", "{AFFABE53-C00A-4C66-BA10-B5B88520EB05}"
EndProject
Project("{FAE04EC0-301F-11D3-BF4B-00C04F79EFBC}") = "5. FlattenDictionary", "5. FlattenDictionary\5. FlattenDictionary.csproj", "{732A619A-89FE-43C2-B9F4-638071A7EDC0}"
EndProject
Project("{FAE04EC0-301F-11D3-BF4B-00C04F79EFBC}") = "6. CottageScraper", "6. CottageScraper\6. CottageScraper.csproj", "{2FB603FC-516C-4484-9A4D-83208347BE66}"
EndProject
Global
	GlobalSection(SolutionConfigurationPlatforms) = preSolution
		Debug|Any CPU = Debug|Any CPU
		Release|Any CPU = Release|Any CPU
	EndGlobalSection
	GlobalSection(ProjectConfigurationPlatforms) = postSolution
		{CA68AF20-73E7-429E-AD88-E52C4AC9A07F}.Debug|Any CPU.ActiveCfg = Debug|Any CPU
		{CA68AF20-73E7-429E-AD88-E52C4AC9A07F}.Debug|Any CPU.Build.0 = Debug|Any CPU
		{CA68AF20-73E7-429E-AD88-E52C4AC9A07F}.Release|Any CPU.ActiveCfg = Release|Any CPU
		{CA68AF20-73E7-429E-AD88-E52C4AC9A07F}.Release|Any CPU.Build.0 = Release|Any CPU
		{D73F666C-78B8-47B0-82DF-4651966D4EFC}.Debug|Any CPU.ActiveCfg = Debug|Any CPU
		{D73F666C-78B8-47B0-82DF-4651966D4EFC}.Debug|Any CPU.Build.0 = Debug|Any CPU
		{D73F666C-78B8-47B0-82DF-4651966D4EFC}.Release|Any CPU.ActiveCfg = Release|Any CPU
		{D73F666C-78B8-47B0-82DF-4651966D4EFC}.Release|Any CPU.Build.0 = Release|Any CPU
		{CD1AA243-D9E1-4130-A29E-7F0141B5246A}.Debug|Any CPU.ActiveCfg = Debug|Any CPU
		{CD1AA243-D9E1-4130-A29E-7F0141B5246A}.Debug|Any CPU.Build.0 = Debug|Any CPU
		{CD1AA243-D9E1-4130-A29E-7F0141B5246A}.Release|Any CPU.ActiveCfg = Release|Any CPU
		{CD1AA243-D9E1-4130-A29E-7F0141B5246A}.Release|Any CPU.Build.0 = Release|Any CPU
		{AFFABE53-C00A-4C66-BA10-B5B88520EB05}.Debug|Any CPU.ActiveCfg = Debug|Any CPU
		{AFFABE53-C00A-4C66-BA10-B5B88520EB05}.Debug|Any CPU.Build.0 = Debug|Any CPU
		{AFFABE53-C00A-4C66-BA10-B5B88520EB05}.Release|Any CPU.ActiveCfg = Release|Any CPU
		{AFFABE53-C00A-4C66-BA10-B5B88520EB05}.Release|Any CPU.Build.0 = Release|Any CPU
		{732A619A-89FE-43C2-B9F4-638071A7EDC0}.Debug|Any CPU.ActiveCfg = Debug|Any CPU
		{732A619A-89FE-43C2-B9F4-638071A7EDC0}.Debug|Any CPU.Build.0 = Debug|Any CPU
		{732A619A-89FE-43C2-B9F4-638071A7EDC0}.Release|Any CPU.ActiveCfg = Release|Any CPU
		{732A619A-89FE-43C2-B9F4-638071A7EDC0}.Release|Any CPU.Build.0 = Release|Any CPU
		{2FB603FC-516C-4484-9A4D-83208347BE66}.Debug|Any CPU.ActiveCfg = Debug|Any CPU
		{2FB603FC-516C-4484-9A4D-83208347BE66}.Debug|Any CPU.Build.0 = Debug|Any CPU
		{2FB603FC-516C-4484-9A4D-83208347BE66}.Release|Any CPU.ActiveCfg = Release|Any CPU
		{2FB603FC-516C-4484-9A4D-83208347BE66}.Release|Any CPU.Build.0 = Release|Any CPU
	EndGlobalSection
	GlobalSection(SolutionProperties) = preSolution
		HideSolutionNode = FALSE
	EndGlobalSection
EndGlobal
