
Microsoft Visual Studio Solution File, Format Version 12.00
# Visual Studio 14
VisualStudioVersion = 14.0.25420.1
MinimumVisualStudioVersion = 10.0.40219.1
Project("{FAE04EC0-301F-11D3-BF4B-00C04F79EFBC}") = "ShootListElements", "ShootListElements\ShootListElements.csproj", "{C84F6D6F-1F24-4E1B-9D30-A18C4CE13D7C}"
EndProject
Project("{FAE04EC0-301F-11D3-BF4B-00C04F79EFBC}") = "AverageCharacterDelimiter", "AverageCharacterDelimiter\AverageCharacterDelimiter.csproj", "{7130AC60-0E31-4FD6-A22A-670FAF7FDB1F}"
EndProject
Project("{FAE04EC0-301F-11D3-BF4B-00C04F79EFBC}") = "SortArrayStrings", "SortArrayStrings\SortArrayStrings.csproj", "{C9597F21-9B10-4A8F-A42B-D8FCA8A8C9D3}"
EndProject
Project("{FAE04EC0-301F-11D3-BF4B-00C04F79EFBC}") = "DecodeRadioFrequencies", "DecodeRadioFrequencies\DecodeRadioFrequencies.csproj", "{28A31A5B-8D0B-4ED7-BCC7-824F5D45E4F6}"
EndProject
Project("{FAE04EC0-301F-11D3-BF4B-00C04F79EFBC}") = "ArrayHistogram", "ArrayHistogram\ArrayHistogram.csproj", "{40774144-A87F-486C-A19E-250EE33FA320}"
EndProject
Global
	GlobalSection(SolutionConfigurationPlatforms) = preSolution
		Debug|Any CPU = Debug|Any CPU
		Release|Any CPU = Release|Any CPU
	EndGlobalSection
	GlobalSection(ProjectConfigurationPlatforms) = postSolution
		{C84F6D6F-1F24-4E1B-9D30-A18C4CE13D7C}.Debug|Any CPU.ActiveCfg = Debug|Any CPU
		{C84F6D6F-1F24-4E1B-9D30-A18C4CE13D7C}.Debug|Any CPU.Build.0 = Debug|Any CPU
		{C84F6D6F-1F24-4E1B-9D30-A18C4CE13D7C}.Release|Any CPU.ActiveCfg = Release|Any CPU
		{C84F6D6F-1F24-4E1B-9D30-A18C4CE13D7C}.Release|Any CPU.Build.0 = Release|Any CPU
		{7130AC60-0E31-4FD6-A22A-670FAF7FDB1F}.Debug|Any CPU.ActiveCfg = Debug|Any CPU
		{7130AC60-0E31-4FD6-A22A-670FAF7FDB1F}.Debug|Any CPU.Build.0 = Debug|Any CPU
		{7130AC60-0E31-4FD6-A22A-670FAF7FDB1F}.Release|Any CPU.ActiveCfg = Release|Any CPU
		{7130AC60-0E31-4FD6-A22A-670FAF7FDB1F}.Release|Any CPU.Build.0 = Release|Any CPU
		{C9597F21-9B10-4A8F-A42B-D8FCA8A8C9D3}.Debug|Any CPU.ActiveCfg = Debug|Any CPU
		{C9597F21-9B10-4A8F-A42B-D8FCA8A8C9D3}.Debug|Any CPU.Build.0 = Debug|Any CPU
		{C9597F21-9B10-4A8F-A42B-D8FCA8A8C9D3}.Release|Any CPU.ActiveCfg = Release|Any CPU
		{C9597F21-9B10-4A8F-A42B-D8FCA8A8C9D3}.Release|Any CPU.Build.0 = Release|Any CPU
		{28A31A5B-8D0B-4ED7-BCC7-824F5D45E4F6}.Debug|Any CPU.ActiveCfg = Debug|Any CPU
		{28A31A5B-8D0B-4ED7-BCC7-824F5D45E4F6}.Debug|Any CPU.Build.0 = Debug|Any CPU
		{28A31A5B-8D0B-4ED7-BCC7-824F5D45E4F6}.Release|Any CPU.ActiveCfg = Release|Any CPU
		{28A31A5B-8D0B-4ED7-BCC7-824F5D45E4F6}.Release|Any CPU.Build.0 = Release|Any CPU
		{40774144-A87F-486C-A19E-250EE33FA320}.Debug|Any CPU.ActiveCfg = Debug|Any CPU
		{40774144-A87F-486C-A19E-250EE33FA320}.Debug|Any CPU.Build.0 = Debug|Any CPU
		{40774144-A87F-486C-A19E-250EE33FA320}.Release|Any CPU.ActiveCfg = Release|Any CPU
		{40774144-A87F-486C-A19E-250EE33FA320}.Release|Any CPU.Build.0 = Release|Any CPU
	EndGlobalSection
	GlobalSection(SolutionProperties) = preSolution
		HideSolutionNode = FALSE
	EndGlobalSection
EndGlobal
